
Microsoft Visual Studio Solution File, Format Version 12.00
# Visual Studio Version 17
VisualStudioVersion = 17.9.34723.18
MinimumVisualStudioVersion = 10.0.40219.1
Project("{FAE04EC0-301F-11D3-BF4B-00C04F79EFBC}") = "WpfApp2", "WpfApp2\WpfApp2.csproj", "{5C5F9A57-FAC7-4484-BEC1-B3CA80C4607F}"
EndProject
Global
	GlobalSection(SolutionConfigurationPlatforms) = preSolution
		Debug|Any CPU = Debug|Any CPU
		Release|Any CPU = Release|Any CPU
	EndGlobalSection
	GlobalSection(ProjectConfigurationPlatforms) = postSolution
		{5C5F9A57-FAC7-4484-BEC1-B3CA80C4607F}.Debug|Any CPU.ActiveCfg = Debug|Any CPU
		{5C5F9A57-FAC7-4484-BEC1-B3CA80C4607F}.Debug|Any CPU.Build.0 = Debug|Any CPU
		{5C5F9A57-FAC7-4484-BEC1-B3CA80C4607F}.Release|Any CPU.ActiveCfg = Release|Any CPU
		{5C5F9A57-FAC7-4484-BEC1-B3CA80C4607F}.Release|Any CPU.Build.0 = Release|Any CPU
	EndGlobalSection
	GlobalSection(SolutionProperties) = preSolution
		HideSolutionNode = FALSE
	EndGlobalSection
	GlobalSection(ExtensibilityGlobals) = postSolution
		SolutionGuid = {15E971D7-161F-4D57-A673-0B5EFC2E29DF}
	EndGlobalSection
EndGlobal
